
Microsoft Visual Studio Solution File, Format Version 12.00
# Visual Studio Version 17
VisualStudioVersion = 17.2.32602.215
MinimumVisualStudioVersion = 10.0.40219.1
Project("{FAE04EC0-301F-11D3-BF4B-00C04F79EFBC}") = "UnemploymentAssistant", "UnemploymentAssistant\UnemploymentAssistant.csproj", "{9CDDEFAA-A2A4-41DB-8935-D7A5C2D3387E}"
EndProject
Global
	GlobalSection(SolutionConfigurationPlatforms) = preSolution
		Debug|Any CPU = Debug|Any CPU
		Release|Any CPU = Release|Any CPU
	EndGlobalSection
	GlobalSection(ProjectConfigurationPlatforms) = postSolution
		{9CDDEFAA-A2A4-41DB-8935-D7A5C2D3387E}.Debug|Any CPU.ActiveCfg = Debug|Any CPU
		{9CDDEFAA-A2A4-41DB-8935-D7A5C2D3387E}.Debug|Any CPU.Build.0 = Debug|Any CPU
		{9CDDEFAA-A2A4-41DB-8935-D7A5C2D3387E}.Release|Any CPU.ActiveCfg = Release|Any CPU
		{9CDDEFAA-A2A4-41DB-8935-D7A5C2D3387E}.Release|Any CPU.Build.0 = Release|Any CPU
	EndGlobalSection
	GlobalSection(SolutionProperties) = preSolution
		HideSolutionNode = FALSE
	EndGlobalSection
	GlobalSection(ExtensibilityGlobals) = postSolution
		SolutionGuid = {8173063E-E412-4F21-94A6-1D474F0A5F1F}
	EndGlobalSection
EndGlobal
